
Microsoft Visual Studio Solution File, Format Version 12.00
# Visual Studio Version 16
VisualStudioVersion = 16.0.31005.135
MinimumVisualStudioVersion = 10.0.40219.1
Project("{FAE04EC0-301F-11D3-BF4B-00C04F79EFBC}") = "SdarotTV-Downloader", "SdarotTV-Downloader.csproj", "{19FED16E-9A4F-4888-AD87-40DF34441B98}"
EndProject
Global
	GlobalSection(SolutionConfigurationPlatforms) = preSolution
		Debug|Any CPU = Debug|Any CPU
		Release|Any CPU = Release|Any CPU
	EndGlobalSection
	GlobalSection(ProjectConfigurationPlatforms) = postSolution
		{19FED16E-9A4F-4888-AD87-40DF34441B98}.Debug|Any CPU.ActiveCfg = Debug|Any CPU
		{19FED16E-9A4F-4888-AD87-40DF34441B98}.Debug|Any CPU.Build.0 = Debug|Any CPU
		{19FED16E-9A4F-4888-AD87-40DF34441B98}.Release|Any CPU.ActiveCfg = Release|Any CPU
		{19FED16E-9A4F-4888-AD87-40DF34441B98}.Release|Any CPU.Build.0 = Release|Any CPU
	EndGlobalSection
	GlobalSection(SolutionProperties) = preSolution
		HideSolutionNode = FALSE
	EndGlobalSection
	GlobalSection(ExtensibilityGlobals) = postSolution
		SolutionGuid = {A9B7D994-A4FD-4B56-B6CA-B0F991318F5C}
	EndGlobalSection
EndGlobal
